
Microsoft Visual Studio Solution File, Format Version 12.00
# Visual Studio 14
VisualStudioVersion = 14.0.25420.1
MinimumVisualStudioVersion = 10.0.40219.1
Project("{FAE04EC0-301F-11D3-BF4B-00C04F79EFBC}") = "MissionPlanner.Plugins.RollPitchGimbal", "MissionPlanner.Plugins.RollPitchGimbal\MissionPlanner.Plugins.RollPitchGimbal.csproj", "{44BB9114-8E25-4831-B69C-534D79926312}"
EndProject
Project("{FAE04EC0-301F-11D3-BF4B-00C04F79EFBC}") = "MissionPlanner.Plugins.RollPitchGimbal.Tests", "MissionPlanner.Plugins.RollPitchGimbal.Tests\MissionPlanner.Plugins.RollPitchGimbal.Tests.csproj", "{E08522EF-AFF7-46F2-AEC6-03F3E8E40EA2}"
EndProject
Project("{FAE04EC0-301F-11D3-BF4B-00C04F79EFBC}") = "MissionPlanner.Plugins.RoiTracking", "MissionPlanner.Plugins.RoiTracking\MissionPlanner.Plugins.RoiTracking.csproj", "{F4E86E50-39E9-4EB8-948E-AC273EA5EB65}"
EndProject
Global
	GlobalSection(SolutionConfigurationPlatforms) = preSolution
		Debug|Any CPU = Debug|Any CPU
		Release|Any CPU = Release|Any CPU
	EndGlobalSection
	GlobalSection(ProjectConfigurationPlatforms) = postSolution
		{44BB9114-8E25-4831-B69C-534D79926312}.Debug|Any CPU.ActiveCfg = Debug|Any CPU
		{44BB9114-8E25-4831-B69C-534D79926312}.Debug|Any CPU.Build.0 = Debug|Any CPU
		{44BB9114-8E25-4831-B69C-534D79926312}.Release|Any CPU.ActiveCfg = Release|Any CPU
		{44BB9114-8E25-4831-B69C-534D79926312}.Release|Any CPU.Build.0 = Release|Any CPU
		{E08522EF-AFF7-46F2-AEC6-03F3E8E40EA2}.Debug|Any CPU.ActiveCfg = Debug|Any CPU
		{E08522EF-AFF7-46F2-AEC6-03F3E8E40EA2}.Debug|Any CPU.Build.0 = Debug|Any CPU
		{E08522EF-AFF7-46F2-AEC6-03F3E8E40EA2}.Release|Any CPU.ActiveCfg = Release|Any CPU
		{E08522EF-AFF7-46F2-AEC6-03F3E8E40EA2}.Release|Any CPU.Build.0 = Release|Any CPU
		{F4E86E50-39E9-4EB8-948E-AC273EA5EB65}.Debug|Any CPU.ActiveCfg = Debug|Any CPU
		{F4E86E50-39E9-4EB8-948E-AC273EA5EB65}.Debug|Any CPU.Build.0 = Debug|Any CPU
		{F4E86E50-39E9-4EB8-948E-AC273EA5EB65}.Release|Any CPU.ActiveCfg = Release|Any CPU
		{F4E86E50-39E9-4EB8-948E-AC273EA5EB65}.Release|Any CPU.Build.0 = Release|Any CPU
	EndGlobalSection
	GlobalSection(SolutionProperties) = preSolution
		HideSolutionNode = FALSE
	EndGlobalSection
EndGlobal
